
Microsoft Visual Studio Solution File, Format Version 12.00
# Visual Studio Version 17
VisualStudioVersion = 17.7.34018.315
MinimumVisualStudioVersion = 10.0.40219.1
Project("{FAE04EC0-301F-11D3-BF4B-00C04F79EFBC}") = "Testn", "Testn\Testn.csproj", "{FA0361E4-3EC6-4499-A5D7-AC4B6EA2AEC1}"
EndProject
Global
	GlobalSection(SolutionConfigurationPlatforms) = preSolution
		Debug|Any CPU = Debug|Any CPU
		Release|Any CPU = Release|Any CPU
	EndGlobalSection
	GlobalSection(ProjectConfigurationPlatforms) = postSolution
		{FA0361E4-3EC6-4499-A5D7-AC4B6EA2AEC1}.Debug|Any CPU.ActiveCfg = Debug|Any CPU
		{FA0361E4-3EC6-4499-A5D7-AC4B6EA2AEC1}.Debug|Any CPU.Build.0 = Debug|Any CPU
		{FA0361E4-3EC6-4499-A5D7-AC4B6EA2AEC1}.Release|Any CPU.ActiveCfg = Release|Any CPU
		{FA0361E4-3EC6-4499-A5D7-AC4B6EA2AEC1}.Release|Any CPU.Build.0 = Release|Any CPU
	EndGlobalSection
	GlobalSection(SolutionProperties) = preSolution
		HideSolutionNode = FALSE
	EndGlobalSection
	GlobalSection(ExtensibilityGlobals) = postSolution
		SolutionGuid = {00A6DA0F-A7D7-4EC3-9097-88F3212B5487}
	EndGlobalSection
EndGlobal
